// !$*UTF8*$!
{
	archiveVersion = 1;
	classes = {
	};
	objectVersion = 56;
	objects = {

/* Begin PBXBuildFile section */
		8C296B9E2A4048DB00239ADA /* UberUIApp.swift in Sources */ = {isa = PBXBuildFile; fileRef = 8C296B9D2A4048DB00239ADA /* UberUIApp.swift */; };
		8C296BA02A4048DB00239ADA /* ContentView.swift in Sources */ = {isa = PBXBuildFile; fileRef = 8C296B9F2A4048DB00239ADA /* ContentView.swift */; };
		8C296BA22A4048DD00239ADA /* Assets.xcassets in Resources */ = {isa = PBXBuildFile; fileRef = 8C296BA12A4048DD00239ADA /* Assets.xcassets */; };
		8C296BA52A4048DD00239ADA /* Preview Assets.xcassets in Resources */ = {isa = PBXBuildFile; fileRef = 8C296BA42A4048DD00239ADA /* Preview Assets.xcassets */; };
		8C296BAF2A4048DD00239ADA /* UberUITests.swift in Sources */ = {isa = PBXBuildFile; fileRef = 8C296BAE2A4048DD00239ADA /* UberUITests.swift */; };
		8C296BB92A4048DD00239ADA /* UberUIUITests.swift in Sources */ = {isa = PBXBuildFile; fileRef = 8C296BB82A4048DD00239ADA /* UberUIUITests.swift */; };
		8C296BBB2A4048DD00239ADA /* UberUIUITestsLaunchTests.swift in Sources */ = {isa = PBXBuildFile; fileRef = 8C296BBA2A4048DD00239ADA /* UberUIUITestsLaunchTests.swift */; };
/* End PBXBuildFile section */

/* Begin PBXContainerItemProxy section */
		8C296BAB2A4048DD00239ADA /* PBXContainerItemProxy */ = {
			isa = PBXContainerItemProxy;
			containerPortal = 8C296B922A4048DB00239ADA /* Project object */;
			proxyType = 1;
			remoteGlobalIDString = 8C296B992A4048DB00239ADA;
			remoteInfo = UberUI;
		};
		8C296BB52A4048DD00239ADA /* PBXContainerItemProxy */ = {
			isa = PBXContainerItemProxy;
			containerPortal = 8C296B922A4048DB00239ADA /* Project object */;
			proxyType = 1;
			remoteGlobalIDString = 8C296B992A4048DB00239ADA;
			remoteInfo = UberUI;
		};
/* End PBXContainerItemProxy section */

/* Begin PBXFileReference section */
		8C296B9A2A4048DB00239ADA /* UberUI.app */ = {isa = PBXFileReference; explicitFileType = wrapper.application; includeInIndex = 0; path = UberUI.app; sourceTree = BUILT_PRODUCTS_DIR; };
		8C296B9D2A4048DB00239ADA /* UberUIApp.swift */ = {isa = PBXFileReference; lastKnownFileType = sourcecode.swift; path = UberUIApp.swift; sourceTree = "<group>"; };
		8C296B9F2A4048DB00239ADA /* ContentView.swift */ = {isa = PBXFileReference; lastKnownFileType = sourcecode.swift; path = ContentView.swift; sourceTree = "<group>"; };
		8C296BA12A4048DD00239ADA /* Assets.xcassets */ = {isa = PBXFileReference; lastKnownFileType = folder.assetcatalog; path = Assets.xcassets; sourceTree = "<group>"; };
		8C296BA42A4048DD00239ADA /* Preview Assets.xcassets */ = {isa = PBXFileReference; lastKnownFileType = folder.assetcatalog; path = "Preview Assets.xcassets"; sourceTree = "<group>"; };
		8C296BAA2A4048DD00239ADA /* UberUITests.xctest */ = {isa = PBXFileReference; explicitFileType = wrapper.cfbundle; includeInIndex = 0; path = UberUITests.xctest; sourceTree = BUILT_PRODUCTS_DIR; };
		8C296BAE2A4048DD00239ADA /* UberUITests.swift */ = {isa = PBXFileReference; lastKnownFileType = sourcecode.swift; path = UberUITests.swift; sourceTree = "<group>"; };
		8C296BB42A4048DD00239ADA /* UberUIUITests.xctest */ = {isa = PBXFileReference; explicitFileType = wrapper.cfbundle; includeInIndex = 0; path = UberUIUITests.xctest; sourceTree = BUILT_PRODUCTS_DIR; };
		8C296BB82A4048DD00239ADA /* UberUIUITests.swift */ = {isa = PBXFileReference; lastKnownFileType = sourcecode.swift; path = UberUIUITests.swift; sourceTree = "<group>"; };
		8C296BBA2A4048DD00239ADA /* UberUIUITestsLaunchTests.swift */ = {isa = PBXFileReference; lastKnownFileType = sourcecode.swift; path = UberUIUITestsLaunchTests.swift; sourceTree = "<group>"; };
/* End PBXFileReference section */

/* Begin PBXFrameworksBuildPhase section */
		8C296B972A4048DB00239ADA /* Frameworks */ = {
			isa = PBXFrameworksBuildPhase;
			buildActionMask = 2147483647;
			files = (
			);
			runOnlyForDeploymentPostprocessing = 0;
		};
		8C296BA72A4048DD00239ADA /* Frameworks */ = {
			isa = PBXFrameworksBuildPhase;
			buildActionMask = 2147483647;
			files = (
			);
			runOnlyForDeploymentPostprocessing = 0;
		};
		8C296BB12A4048DD00239ADA /* Frameworks */ = {
			isa = PBXFrameworksBuildPhase;
			buildActionMask = 2147483647;
			files = (
			);
			runOnlyForDeploymentPostprocessing = 0;
		};
/* End PBXFrameworksBuildPhase section */

/* Begin PBXGroup section */
		8C296B912A4048DB00239ADA = {
			isa = PBXGroup;
			children = (
				8C296B9C2A4048DB00239ADA /* UberUI */,
				8C296BAD2A4048DD00239ADA /* UberUITests */,
				8C296BB72A4048DD00239ADA /* UberUIUITests */,
				8C296B9B2A4048DB00239ADA /* Products */,
			);
			sourceTree = "<group>";
		};
		8C296B9B2A4048DB00239ADA /* Products */ = {
			isa = PBXGroup;
			children = (
				8C296B9A2A4048DB00239ADA /* UberUI.app */,
				8C296BAA2A4048DD00239ADA /* UberUITests.xctest */,
				8C296BB42A4048DD00239ADA /* UberUIUITests.xctest */,
			);
			name = Products;
			sourceTree = "<group>";
		};
		8C296B9C2A4048DB00239ADA /* UberUI */ = {
			isa = PBXGroup;
			children = (
				8C296B9D2A4048DB00239ADA /* UberUIApp.swift */,
				8C296B9F2A4048DB00239ADA /* ContentView.swift */,
				8C296BA12A4048DD00239ADA /* Assets.xcassets */,
				8C296BA32A4048DD00239ADA /* Preview Content */,
			);
			path = UberUI;
			sourceTree = "<group>";
		};
		8C296BA32A4048DD00239ADA /* Preview Content */ = {
			isa = PBXGroup;
			children = (
				8C296BA42A4048DD00239ADA /* Preview Assets.xcassets */,
			);
			path = "Preview Content";
			sourceTree = "<group>";
		};
		8C296BAD2A4048DD00239ADA /* UberUITests */ = {
			isa = PBXGroup;
			children = (
				8C296BAE2A4048DD00239ADA /* UberUITests.swift */,
			);
			path = UberUITests;
			sourceTree = "<group>";
		};
		8C296BB72A4048DD00239ADA /* UberUIUITests */ = {
			isa = PBXGroup;
			children = (
				8C296BB82A4048DD00239ADA /* UberUIUITests.swift */,
				8C296BBA2A4048DD00239ADA /* UberUIUITestsLaunchTests.swift */,
			);
			path = UberUIUITests;
			sourceTree = "<group>";
		};
/* End PBXGroup section */

/* Begin PBXNativeTarget section */
		8C296B992A4048DB00239ADA /* UberUI */ = {
			isa = PBXNativeTarget;
			buildConfigurationList = 8C296BBE2A4048DD00239ADA /* Build configuration list for PBXNativeTarget "UberUI" */;
			buildPhases = (
				8C296B962A4048DB00239ADA /* Sources */,
				8C296B972A4048DB00239ADA /* Frameworks */,
				8C296B982A4048DB00239ADA /* Resources */,
			);
			buildRules = (
			);
			dependencies = (
			);
			name = UberUI;
			productName = UberUI;
			productReference = 8C296B9A2A4048DB00239ADA /* UberUI.app */;
			productType = "com.apple.product-type.application";
		};
		8C296BA92A4048DD00239ADA /* UberUITests */ = {
			isa = PBXNativeTarget;
			buildConfigurationList = 8C296BC12A4048DD00239ADA /* Build configuration list for PBXNativeTarget "UberUITests" */;
			buildPhases = (
				8C296BA62A4048DD00239ADA /* Sources */,
				8C296BA72A4048DD00239ADA /* Frameworks */,
				8C296BA82A4048DD00239ADA /* Resources */,
			);
			buildRules = (
			);
			dependencies = (
				8C296BAC2A4048DD00239ADA /* PBXTargetDependency */,
			);
			name = UberUITests;
			productName = UberUITests;
			productReference = 8C296BAA2A4048DD00239ADA /* UberUITests.xctest */;
			productType = "com.apple.product-type.bundle.unit-test";
		};
		8C296BB32A4048DD00239ADA /* UberUIUITests */ = {
			isa = PBXNativeTarget;
			buildConfigurationList = 8C296BC42A4048DD00239ADA /* Build configuration list for PBXNativeTarget "UberUIUITests" */;
			buildPhases = (
				8C296BB02A4048DD00239ADA /* Sources */,
				8C296BB12A4048DD00239ADA /* Frameworks */,
				8C296BB22A4048DD00239ADA /* Resources */,
			);
			buildRules = (
			);
			dependencies = (
				8C296BB62A4048DD00239ADA /* PBXTargetDependency */,
			);
			name = UberUIUITests;
			productName = UberUIUITests;
			productReference = 8C296BB42A4048DD00239ADA /* UberUIUITests.xctest */;
			productType = "com.apple.product-type.bundle.ui-testing";
		};
/* End PBXNativeTarget section */

/* Begin PBXProject section */
		8C296B922A4048DB00239ADA /* Project object */ = {
			isa = PBXProject;
			attributes = {
				BuildIndependentTargetsInParallel = 1;
				LastSwiftUpdateCheck = 1430;
				LastUpgradeCheck = 1430;
				TargetAttributes = {
					8C296B992A4048DB00239ADA = {
						CreatedOnToolsVersion = 14.3;
					};
					8C296BA92A4048DD00239ADA = {
						CreatedOnToolsVersion = 14.3;
						TestTargetID = 8C296B992A4048DB00239ADA;
					};
					8C296BB32A4048DD00239ADA = {
						CreatedOnToolsVersion = 14.3;
						TestTargetID = 8C296B992A4048DB00239ADA;
					};
				};
			};
			buildConfigurationList = 8C296B952A4048DB00239ADA /* Build configuration list for PBXProject "UberUI" */;
			compatibilityVersion = "Xcode 14.0";
			developmentRegion = en;
			hasScannedForEncodings = 0;
			knownRegions = (
				en,
				Base,
			);
			mainGroup = 8C296B912A4048DB00239ADA;
			productRefGroup = 8C296B9B2A4048DB00239ADA /* Products */;
			projectDirPath = "";
			projectRoot = "";
			targets = (
				8C296B992A4048DB00239ADA /* UberUI */,
				8C296BA92A4048DD00239ADA /* UberUITests */,
				8C296BB32A4048DD00239ADA /* UberUIUITests */,
			);
		};
/* End PBXProject section */

/* Begin PBXResourcesBuildPhase section */
		8C296B982A4048DB00239ADA /* Resources */ = {
			isa = PBXResourcesBuildPhase;
			buildActionMask = 2147483647;
			files = (
				8C296BA52A4048DD00239ADA /* Preview Assets.xcassets in Resources */,
				8C296BA22A4048DD00239ADA /* Assets.xcassets in Resources */,
			);
			runOnlyForDeploymentPostprocessing = 0;
		};
		8C296BA82A4048DD00239ADA /* Resources */ = {
			isa = PBXResourcesBuildPhase;
			buildActionMask = 2147483647;
			files = (
			);
			runOnlyForDeploymentPostprocessing = 0;
		};
		8C296BB22A4048DD00239ADA /* Resources */ = {
			isa = PBXResourcesBuildPhase;
			buildActionMask = 2147483647;
			files = (
			);
			runOnlyForDeploymentPostprocessing = 0;
		};
/* End PBXResourcesBuildPhase section */

/* Begin PBXSourcesBuildPhase section */
		8C296B962A4048DB00239ADA /* Sources */ = {
			isa = PBXSourcesBuildPhase;
			buildActionMask = 2147483647;
			files = (
				8C296BA02A4048DB00239ADA /* ContentView.swift in Sources */,
				8C296B9E2A4048DB00239ADA /* UberUIApp.swift in Sources */,
			);
			runOnlyForDeploymentPostprocessing = 0;
		};
		8C296BA62A4048DD00239ADA /* Sources */ = {
			isa = PBXSourcesBuildPhase;
			buildActionMask = 2147483647;
			files = (
				8C296BAF2A4048DD00239ADA /* UberUITests.swift in Sources */,
			);
			runOnlyForDeploymentPostprocessing = 0;
		};
		8C296BB02A4048DD00239ADA /* Sources */ = {
			isa = PBXSourcesBuildPhase;
			buildActionMask = 2147483647;
			files = (
				8C296BBB2A4048DD00239ADA /* UberUIUITestsLaunchTests.swift in Sources */,
				8C296BB92A4048DD00239ADA /* UberUIUITests.swift in Sources */,
			);
			runOnlyForDeploymentPostprocessing = 0;
		};
/* End PBXSourcesBuildPhase section */

/* Begin PBXTargetDependency section */
		8C296BAC2A4048DD00239ADA /* PBXTargetDependency */ = {
			isa = PBXTargetDependency;
			target = 8C296B992A4048DB00239ADA /* UberUI */;
			targetProxy = 8C296BAB2A4048DD00239ADA /* PBXContainerItemProxy */;
		};
		8C296BB62A4048DD00239ADA /* PBXTargetDependency */ = {
			isa = PBXTargetDependency;
			target = 8C296B992A4048DB00239ADA /* UberUI */;
			targetProxy = 8C296BB52A4048DD00239ADA /* PBXContainerItemProxy */;
		};
/* End PBXTargetDependency section */

/* Begin XCBuildConfiguration section */
		8C296BBC2A4048DD00239ADA /* Debug */ = {
			isa = XCBuildConfiguration;
			buildSettings = {
				ALWAYS_SEARCH_USER_PATHS = NO;
				CLANG_ANALYZER_NONNULL = YES;
				CLANG_ANALYZER_NUMBER_OBJECT_CONVERSION = YES_AGGRESSIVE;
				CLANG_CXX_LANGUAGE_STANDARD = "gnu++20";
				CLANG_ENABLE_MODULES = YES;
				CLANG_ENABLE_OBJC_ARC = YES;
				CLANG_ENABLE_OBJC_WEAK = YES;
				CLANG_WARN_BLOCK_CAPTURE_AUTORELEASING = YES;
				CLANG_WARN_BOOL_CONVERSION = YES;
				CLANG_WARN_COMMA = YES;
				CLANG_WARN_CONSTANT_CONVERSION = YES;
				CLANG_WARN_DEPRECATED_OBJC_IMPLEMENTATIONS = YES;
				CLANG_WARN_DIRECT_OBJC_ISA_USAGE = YES_ERROR;
				CLANG_WARN_DOCUMENTATION_COMMENTS = YES;
				CLANG_WARN_EMPTY_BODY = YES;
				CLANG_WARN_ENUM_CONVERSION = YES;
				CLANG_WARN_INFINITE_RECURSION = YES;
				CLANG_WARN_INT_CONVERSION = YES;
				CLANG_WARN_NON_LITERAL_NULL_CONVERSION = YES;
				CLANG_WARN_OBJC_IMPLICIT_RETAIN_SELF = YES;
				CLANG_WARN_OBJC_LITERAL_CONVERSION = YES;
				CLANG_WARN_OBJC_ROOT_CLASS = YES_ERROR;
				CLANG_WARN_QUOTED_INCLUDE_IN_FRAMEWORK_HEADER = YES;
				CLANG_WARN_RANGE_LOOP_ANALYSIS = YES;
				CLANG_WARN_STRICT_PROTOTYPES = YES;
				CLANG_WARN_SUSPICIOUS_MOVE = YES;
				CLANG_WARN_UNGUARDED_AVAILABILITY = YES_AGGRESSIVE;
				CLANG_WARN_UNREACHABLE_CODE = YES;
				CLANG_WARN__DUPLICATE_METHOD_MATCH = YES;
				COPY_PHASE_STRIP = NO;
				DEBUG_INFORMATION_FORMAT = dwarf;
				ENABLE_STRICT_OBJC_MSGSEND = YES;
				ENABLE_TESTABILITY = YES;
				GCC_C_LANGUAGE_STANDARD = gnu11;
				GCC_DYNAMIC_NO_PIC = NO;
				GCC_NO_COMMON_BLOCKS = YES;
				GCC_OPTIMIZATION_LEVEL = 0;
				GCC_PREPROCESSOR_DEFINITIONS = (
					"DEBUG=1",
					"$(inherited)",
				);
				GCC_WARN_64_TO_32_BIT_CONVERSION = YES;
				GCC_WARN_ABOUT_RETURN_TYPE = YES_ERROR;
				GCC_WARN_UNDECLARED_SELECTOR = YES;
				GCC_WARN_UNINITIALIZED_AUTOS = YES_AGGRESSIVE;
				GCC_WARN_UNUSED_FUNCTION = YES;
				GCC_WARN_UNUSED_VARIABLE = YES;
				IPHONEOS_DEPLOYMENT_TARGET = 16.4;
				MTL_ENABLE_DEBUG_INFO = INCLUDE_SOURCE;
				MTL_FAST_MATH = YES;
				ONLY_ACTIVE_ARCH = YES;
				SDKROOT = iphoneos;
				SWIFT_ACTIVE_COMPILATION_CONDITIONS = DEBUG;
				SWIFT_OPTIMIZATION_LEVEL = "-Onone";
			};
			name = Debug;
		};
		8C296BBD2A4048DD00239ADA /* Release */ = {
			isa = XCBuildConfiguration;
			buildSettings = {
				ALWAYS_SEARCH_USER_PATHS = NO;
				CLANG_ANALYZER_NONNULL = YES;
				CLANG_ANALYZER_NUMBER_OBJECT_CONVERSION = YES_AGGRESSIVE;
				CLANG_CXX_LANGUAGE_STANDARD = "gnu++20";
				CLANG_ENABLE_MODULES = YES;
				CLANG_ENABLE_OBJC_ARC = YES;
				CLANG_ENABLE_OBJC_WEAK = YES;
				CLANG_WARN_BLOCK_CAPTURE_AUTORELEASING = YES;
				CLANG_WARN_BOOL_CONVERSION = YES;
				CLANG_WARN_COMMA = YES;
				CLANG_WARN_CONSTANT_CONVERSION = YES;
				CLANG_WARN_DEPRECATED_OBJC_IMPLEMENTATIONS = YES;
				CLANG_WARN_DIRECT_OBJC_ISA_USAGE = YES_ERROR;
				CLANG_WARN_DOCUMENTATION_COMMENTS = YES;
				CLANG_WARN_EMPTY_BODY = YES;
				CLANG_WARN_ENUM_CONVERSION = YES;
				CLANG_WARN_INFINITE_RECURSION = YES;
				CLANG_WARN_INT_CONVERSION = YES;
				CLANG_WARN_NON_LITERAL_NULL_CONVERSION = YES;
				CLANG_WARN_OBJC_IMPLICIT_RETAIN_SELF = YES;
				CLANG_WARN_OBJC_LITERAL_CONVERSION = YES;
				CLANG_WARN_OBJC_ROOT_CLASS = YES_ERROR;
				CLANG_WARN_QUOTED_INCLUDE_IN_FRAMEWORK_HEADER = YES;
				CLANG_WARN_RANGE_LOOP_ANALYSIS = YES;
				CLANG_WARN_STRICT_PROTOTYPES = YES;
				CLANG_WARN_SUSPICIOUS_MOVE = YES;
				CLANG_WARN_UNGUARDED_AVAILABILITY = YES_AGGRESSIVE;
				CLANG_WARN_UNREACHABLE_CODE = YES;
				CLANG_WARN__DUPLICATE_METHOD_MATCH = YES;
				COPY_PHASE_STRIP = NO;
				DEBUG_INFORMATION_FORMAT = "dwarf-with-dsym";
				ENABLE_NS_ASSERTIONS = NO;
				ENABLE_STRICT_OBJC_MSGSEND = YES;
				GCC_C_LANGUAGE_STANDARD = gnu11;
				GCC_NO_COMMON_BLOCKS = YES;
				GCC_WARN_64_TO_32_BIT_CONVERSION = YES;
				GCC_WARN_ABOUT_RETURN_TYPE = YES_ERROR;
				GCC_WARN_UNDECLARED_SELECTOR = YES;
				GCC_WARN_UNINITIALIZED_AUTOS = YES_AGGRESSIVE;
				GCC_WARN_UNUSED_FUNCTION = YES;
				GCC_WARN_UNUSED_VARIABLE = YES;
				IPHONEOS_DEPLOYMENT_TARGET = 16.4;
				MTL_ENABLE_DEBUG_INFO = NO;
				MTL_FAST_MATH = YES;
				SDKROOT = iphoneos;
				SWIFT_COMPILATION_MODE = wholemodule;
				SWIFT_OPTIMIZATION_LEVEL = "-O";
				VALIDATE_PRODUCT = YES;
			};
			name = Release;
		};
		8C296BBF2A4048DD00239ADA /* Debug */ = {
			isa = XCBuildConfiguration;
			buildSettings = {
				ASSETCATALOG_COMPILER_APPICON_NAME = AppIcon;
				ASSETCATALOG_COMPILER_GLOBAL_ACCENT_COLOR_NAME = AccentColor;
				CODE_SIGN_STYLE = Automatic;
				CURRENT_PROJECT_VERSION = 1;
				DEVELOPMENT_ASSET_PATHS = "\"UberUI/Preview Content\"";
				DEVELOPMENT_TEAM = 9X8K7R4LG2;
				ENABLE_PREVIEWS = YES;
				GENERATE_INFOPLIST_FILE = YES;
				INFOPLIST_KEY_UIApplicationSceneManifest_Generation = YES;
				INFOPLIST_KEY_UIApplicationSupportsIndirectInputEvents = YES;
				INFOPLIST_KEY_UILaunchScreen_Generation = YES;
				INFOPLIST_KEY_UISupportedInterfaceOrientations_iPad = "UIInterfaceOrientationPortrait UIInterfaceOrientationPortraitUpsideDown UIInterfaceOrientationLandscapeLeft UIInterfaceOrientationLandscapeRight";
				INFOPLIST_KEY_UISupportedInterfaceOrientations_iPhone = "UIInterfaceOrientationPortrait UIInterfaceOrientationLandscapeLeft UIInterfaceOrientationLandscapeRight";
				LD_RUNPATH_SEARCH_PATHS = (
					"$(inherited)",
					"@executable_path/Frameworks",
				);
				MARKETING_VERSION = 1.0;
				PRODUCT_BUNDLE_IDENTIFIER = com.uberui.gowi.UberUI;
				PRODUCT_NAME = "$(TARGET_NAME)";
				SWIFT_EMIT_LOC_STRINGS = YES;
				SWIFT_VERSION = 5.0;
				TARGETED_DEVICE_FAMILY = "1,2";
			};
			name = Debug;
		};
		8C296BC02A4048DD00239ADA /* Release */ = {
			isa = XCBuildConfiguration;
			buildSettings = {
				ASSETCATALOG_COMPILER_APPICON_NAME = AppIcon;
				ASSETCATALOG_COMPILER_GLOBAL_ACCENT_COLOR_NAME = AccentColor;
				CODE_SIGN_STYLE = Automatic;
				CURRENT_PROJECT_VERSION = 1;
				DEVELOPMENT_ASSET_PATHS = "\"UberUI/Preview Content\"";
				DEVELOPMENT_TEAM = 9X8K7R4LG2;
				ENABLE_PREVIEWS = YES;
				GENERATE_INFOPLIST_FILE = YES;
				INFOPLIST_KEY_UIApplicationSceneManifest_Generation = YES;
				INFOPLIST_KEY_UIApplicationSupportsIndirectInputEvents = YES;
				INFOPLIST_KEY_UILaunchScreen_Generation = YES;
				INFOPLIST_KEY_UISupportedInterfaceOrientations_iPad = "UIInterfaceOrientationPortrait UIInterfaceOrientationPortraitUpsideDown UIInterfaceOrientationLandscapeLeft UIInterfaceOrientationLandscapeRight";
				INFOPLIST_KEY_UISupportedInterfaceOrientations_iPhone = "UIInterfaceOrientationPortrait UIInterfaceOrientationLandscapeLeft UIInterfaceOrientationLandscapeRight";
				LD_RUNPATH_SEARCH_PATHS = (
					"$(inherited)",
					"@executable_path/Frameworks",
				);
				MARKETING_VERSION = 1.0;
				PRODUCT_BUNDLE_IDENTIFIER = com.uberui.gowi.UberUI;
				PRODUCT_NAME = "$(TARGET_NAME)";
				SWIFT_EMIT_LOC_STRINGS = YES;
				SWIFT_VERSION = 5.0;
				TARGETED_DEVICE_FAMILY = "1,2";
			};
			name = Release;
		};
		8C296BC22A4048DD00239ADA /* Debug */ = {
			isa = XCBuildConfiguration;
			buildSettings = {
				ALWAYS_EMBED_SWIFT_STANDARD_LIBRARIES = YES;
				BUNDLE_LOADER = "$(TEST_HOST)";
				CODE_SIGN_STYLE = Automatic;
				CURRENT_PROJECT_VERSION = 1;
				DEVELOPMENT_TEAM = 9X8K7R4LG2;
				GENERATE_INFOPLIST_FILE = YES;
				IPHONEOS_DEPLOYMENT_TARGET = 16.4;
				MARKETING_VERSION = 1.0;
				PRODUCT_BUNDLE_IDENTIFIER = com.uberui.gowi.UberUITests;
				PRODUCT_NAME = "$(TARGET_NAME)";
				SWIFT_EMIT_LOC_STRINGS = NO;
				SWIFT_VERSION = 5.0;
				TARGETED_DEVICE_FAMILY = "1,2";
				TEST_HOST = "$(BUILT_PRODUCTS_DIR)/UberUI.app/$(BUNDLE_EXECUTABLE_FOLDER_PATH)/UberUI";
			};
			name = Debug;
		};
		8C296BC32A4048DD00239ADA /* Release */ = {
			isa = XCBuildConfiguration;
			buildSettings = {
				ALWAYS_EMBED_SWIFT_STANDARD_LIBRARIES = YES;
				BUNDLE_LOADER = "$(TEST_HOST)";
				CODE_SIGN_STYLE = Automatic;
				CURRENT_PROJECT_VERSION = 1;
				DEVELOPMENT_TEAM = 9X8K7R4LG2;
				GENERATE_INFOPLIST_FILE = YES;
				IPHONEOS_DEPLOYMENT_TARGET = 16.4;
				MARKETING_VERSION = 1.0;
				PRODUCT_BUNDLE_IDENTIFIER = com.uberui.gowi.UberUITests;
				PRODUCT_NAME = "$(TARGET_NAME)";
				SWIFT_EMIT_LOC_STRINGS = NO;
				SWIFT_VERSION = 5.0;
				TARGETED_DEVICE_FAMILY = "1,2";
				TEST_HOST = "$(BUILT_PRODUCTS_DIR)/UberUI.app/$(BUNDLE_EXECUTABLE_FOLDER_PATH)/UberUI";
			};
			name = Release;
		};
		8C296BC52A4048DD00239ADA /* Debug */ = {
			isa = XCBuildConfiguration;
			buildSettings = {
				ALWAYS_EMBED_SWIFT_STANDARD_LIBRARIES = YES;
				CODE_SIGN_STYLE = Automatic;
				CURRENT_PROJECT_VERSION = 1;
				DEVELOPMENT_TEAM = 9X8K7R4LG2;
				GENERATE_INFOPLIST_FILE = YES;
				MARKETING_VERSION = 1.0;
				PRODUCT_BUNDLE_IDENTIFIER = com.uberui.gowi.UberUIUITests;
				PRODUCT_NAME = "$(TARGET_NAME)";
				SWIFT_EMIT_LOC_STRINGS = NO;
				SWIFT_VERSION = 5.0;
				TARGETED_DEVICE_FAMILY = "1,2";
				TEST_TARGET_NAME = UberUI;
			};
			name = Debug;
		};
		8C296BC62A4048DD00239ADA /* Release */ = {
			isa = XCBuildConfiguration;
			buildSettings = {
				ALWAYS_EMBED_SWIFT_STANDARD_LIBRARIES = YES;
				CODE_SIGN_STYLE = Automatic;
				CURRENT_PROJECT_VERSION = 1;
				DEVELOPMENT_TEAM = 9X8K7R4LG2;
				GENERATE_INFOPLIST_FILE = YES;
				MARKETING_VERSION = 1.0;
				PRODUCT_BUNDLE_IDENTIFIER = com.uberui.gowi.UberUIUITests;
				PRODUCT_NAME = "$(TARGET_NAME)";
				SWIFT_EMIT_LOC_STRINGS = NO;
				SWIFT_VERSION = 5.0;
				TARGETED_DEVICE_FAMILY = "1,2";
				TEST_TARGET_NAME = UberUI;
			};
			name = Release;
		};
/* End XCBuildConfiguration section */

/* Begin XCConfigurationList section */
		8C296B952A4048DB00239ADA /* Build configuration list for PBXProject "UberUI" */ = {
			isa = XCConfigurationList;
			buildConfigurations = (
				8C296BBC2A4048DD00239ADA /* Debug */,
				8C296BBD2A4048DD00239ADA /* Release */,
			);
			defaultConfigurationIsVisible = 0;
			defaultConfigurationName = Release;
		};
		8C296BBE2A4048DD00239ADA /* Build configuration list for PBXNativeTarget "UberUI" */ = {
			isa = XCConfigurationList;
			buildConfigurations = (
				8C296BBF2A4048DD00239ADA /* Debug */,
				8C296BC02A4048DD00239ADA /* Release */,
			);
			defaultConfigurationIsVisible = 0;
			defaultConfigurationName = Release;
		};
		8C296BC12A4048DD00239ADA /* Build configuration list for PBXNativeTarget "UberUITests" */ = {
			isa = XCConfigurationList;
			buildConfigurations = (
				8C296BC22A4048DD00239ADA /* Debug */,
				8C296BC32A4048DD00239ADA /* Release */,
			);
			defaultConfigurationIsVisible = 0;
			defaultConfigurationName = Release;
		};
		8C296BC42A4048DD00239ADA /* Build configuration list for PBXNativeTarget "UberUIUITests" */ = {
			isa = XCConfigurationList;
			buildConfigurations = (
				8C296BC52A4048DD00239ADA /* Debug */,
				8C296BC62A4048DD00239ADA /* Release */,
			);
			defaultConfigurationIsVisible = 0;
			defaultConfigurationName = Release;
		};
/* End XCConfigurationList section */
	};
	rootObject = 8C296B922A4048DB00239ADA /* Project object */;
}
